
Microsoft Visual Studio Solution File, Format Version 12.00
# Visual Studio 15
VisualStudioVersion = 15.0.28010.2048
MinimumVisualStudioVersion = 10.0.40219.1
Project("{FAE04EC0-301F-11D3-BF4B-00C04F79EFBC}") = "Deviate Delight", "Deviate Delight\Deviate Delight.csproj", "{DD02C9FF-DB04-47F0-A00C-E8577AD35CCC}"
EndProject
Global
	GlobalSection(SolutionConfigurationPlatforms) = preSolution
		Debug|Any CPU = Debug|Any CPU
		Release|Any CPU = Release|Any CPU
	EndGlobalSection
	GlobalSection(ProjectConfigurationPlatforms) = postSolution
		{DD02C9FF-DB04-47F0-A00C-E8577AD35CCC}.Debug|Any CPU.ActiveCfg = Debug|Any CPU
		{DD02C9FF-DB04-47F0-A00C-E8577AD35CCC}.Debug|Any CPU.Build.0 = Debug|Any CPU
		{DD02C9FF-DB04-47F0-A00C-E8577AD35CCC}.Release|Any CPU.ActiveCfg = Release|Any CPU
		{DD02C9FF-DB04-47F0-A00C-E8577AD35CCC}.Release|Any CPU.Build.0 = Release|Any CPU
	EndGlobalSection
	GlobalSection(SolutionProperties) = preSolution
		HideSolutionNode = FALSE
	EndGlobalSection
	GlobalSection(ExtensibilityGlobals) = postSolution
		SolutionGuid = {2411F3E3-6933-448C-82BF-83E75D154B1B}
	EndGlobalSection
EndGlobal
